// !$*UTF8*$!
{
	archiveVersion = 1;
	classes = {
	};
	objectVersion = 50;
	objects = {

/* Begin PBXBuildFile section */
		C878D13224B62853006F85CA /* PhotoCollectionViewCell.swift in Sources */ = {isa = PBXBuildFile; fileRef = C878D13124B62853006F85CA /* PhotoCollectionViewCell.swift */; };
		C878D13624B64694006F85CA /* ImageStore.swift in Sources */ = {isa = PBXBuildFile; fileRef = C878D13524B64694006F85CA /* ImageStore.swift */; };
		C878D13824B64A2A006F85CA /* PhotoInfoViewController.swift in Sources */ = {isa = PBXBuildFile; fileRef = C878D13724B64A2A006F85CA /* PhotoInfoViewController.swift */; };
		C884C9F124B6663200EFE255 /* Photorama.xcdatamodeld in Sources */ = {isa = PBXBuildFile; fileRef = C884C9EF24B6663200EFE255 /* Photorama.xcdatamodeld */; };
		C884C9F424B66C1800EFE255 /* Photo+CoreDataClass.swift in Sources */ = {isa = PBXBuildFile; fileRef = C884C9F224B66C1800EFE255 /* Photo+CoreDataClass.swift */; };
		C888790A24B4CE670072D8ED /* FlickerAPI.swift in Sources */ = {isa = PBXBuildFile; fileRef = C888790924B4CE670072D8ED /* FlickerAPI.swift */; };
		C888790C24B4F6090072D8ED /* PhotoStore.swift in Sources */ = {isa = PBXBuildFile; fileRef = C888790B24B4F6090072D8ED /* PhotoStore.swift */; };
		C888790E24B505E00072D8ED /* FlickrPhoto.swift in Sources */ = {isa = PBXBuildFile; fileRef = C888790D24B505E00072D8ED /* FlickrPhoto.swift */; };
		C888791024B56AAF0072D8ED /* PhotoDataSource.swift in Sources */ = {isa = PBXBuildFile; fileRef = C888790F24B56AAF0072D8ED /* PhotoDataSource.swift */; };
		C8CA104D24B7AE4A00504310 /* Photo+CoreDataProperties.swift in Sources */ = {isa = PBXBuildFile; fileRef = C8CA104C24B7AE4A00504310 /* Photo+CoreDataProperties.swift */; };
		C8CA104F24B7B31C00504310 /* TagsViewController.swift in Sources */ = {isa = PBXBuildFile; fileRef = C8CA104E24B7B31C00504310 /* TagsViewController.swift */; };
		C8CA105124B7B39700504310 /* TagDataSource.swift in Sources */ = {isa = PBXBuildFile; fileRef = C8CA105024B7B39700504310 /* TagDataSource.swift */; };
		C8F2E61C24B3FB080077A64D /* AppDelegate.swift in Sources */ = {isa = PBXBuildFile; fileRef = C8F2E61B24B3FB080077A64D /* AppDelegate.swift */; };
		C8F2E61E24B3FB080077A64D /* SceneDelegate.swift in Sources */ = {isa = PBXBuildFile; fileRef = C8F2E61D24B3FB080077A64D /* SceneDelegate.swift */; };
		C8F2E62024B3FB080077A64D /* PhotosViewController.swift in Sources */ = {isa = PBXBuildFile; fileRef = C8F2E61F24B3FB080077A64D /* PhotosViewController.swift */; };
		C8F2E62324B3FB080077A64D /* Main.storyboard in Resources */ = {isa = PBXBuildFile; fileRef = C8F2E62124B3FB080077A64D /* Main.storyboard */; };
		C8F2E62524B3FB0A0077A64D /* Assets.xcassets in Resources */ = {isa = PBXBuildFile; fileRef = C8F2E62424B3FB0A0077A64D /* Assets.xcassets */; };
		C8F2E62824B3FB0A0077A64D /* LaunchScreen.storyboard in Resources */ = {isa = PBXBuildFile; fileRef = C8F2E62624B3FB0A0077A64D /* LaunchScreen.storyboard */; };
		C8F2E63324B3FB0A0077A64D /* PhotoramaTests.swift in Sources */ = {isa = PBXBuildFile; fileRef = C8F2E63224B3FB0A0077A64D /* PhotoramaTests.swift */; };
		C8F2E63E24B3FB0A0077A64D /* PhotoramaUITests.swift in Sources */ = {isa = PBXBuildFile; fileRef = C8F2E63D24B3FB0A0077A64D /* PhotoramaUITests.swift */; };
/* End PBXBuildFile section */

/* Begin PBXContainerItemProxy section */
		C8F2E62F24B3FB0A0077A64D /* PBXContainerItemProxy */ = {
			isa = PBXContainerItemProxy;
			containerPortal = C8F2E61024B3FB080077A64D /* Project object */;
			proxyType = 1;
			remoteGlobalIDString = C8F2E61724B3FB080077A64D;
			remoteInfo = Photorama;
		};
		C8F2E63A24B3FB0A0077A64D /* PBXContainerItemProxy */ = {
			isa = PBXContainerItemProxy;
			containerPortal = C8F2E61024B3FB080077A64D /* Project object */;
			proxyType = 1;
			remoteGlobalIDString = C8F2E61724B3FB080077A64D;
			remoteInfo = Photorama;
		};
/* End PBXContainerItemProxy section */

/* Begin PBXFileReference section */
		C878D13124B62853006F85CA /* PhotoCollectionViewCell.swift */ = {isa = PBXFileReference; lastKnownFileType = sourcecode.swift; path = PhotoCollectionViewCell.swift; sourceTree = "<group>"; };
		C878D13524B64694006F85CA /* ImageStore.swift */ = {isa = PBXFileReference; fileEncoding = 4; lastKnownFileType = sourcecode.swift; path = ImageStore.swift; sourceTree = "<group>"; };
		C878D13724B64A2A006F85CA /* PhotoInfoViewController.swift */ = {isa = PBXFileReference; lastKnownFileType = sourcecode.swift; path = PhotoInfoViewController.swift; sourceTree = "<group>"; };
		C884C9F024B6663200EFE255 /* Photorama.xcdatamodel */ = {isa = PBXFileReference; lastKnownFileType = wrapper.xcdatamodel; path = Photorama.xcdatamodel; sourceTree = "<group>"; };
		C884C9F224B66C1800EFE255 /* Photo+CoreDataClass.swift */ = {isa = PBXFileReference; lastKnownFileType = sourcecode.swift; path = "Photo+CoreDataClass.swift"; sourceTree = "<group>"; };
		C888790924B4CE670072D8ED /* FlickerAPI.swift */ = {isa = PBXFileReference; lastKnownFileType = sourcecode.swift; path = FlickerAPI.swift; sourceTree = "<group>"; };
		C888790B24B4F6090072D8ED /* PhotoStore.swift */ = {isa = PBXFileReference; lastKnownFileType = sourcecode.swift; path = PhotoStore.swift; sourceTree = "<group>"; };
		C888790D24B505E00072D8ED /* FlickrPhoto.swift */ = {isa = PBXFileReference; lastKnownFileType = sourcecode.swift; path = FlickrPhoto.swift; sourceTree = "<group>"; };
		C888790F24B56AAF0072D8ED /* PhotoDataSource.swift */ = {isa = PBXFileReference; lastKnownFileType = sourcecode.swift; path = PhotoDataSource.swift; sourceTree = "<group>"; };
		C8CA104C24B7AE4A00504310 /* Photo+CoreDataProperties.swift */ = {isa = PBXFileReference; lastKnownFileType = sourcecode.swift; path = "Photo+CoreDataProperties.swift"; sourceTree = "<group>"; };
		C8CA104E24B7B31C00504310 /* TagsViewController.swift */ = {isa = PBXFileReference; lastKnownFileType = sourcecode.swift; path = TagsViewController.swift; sourceTree = "<group>"; };
		C8CA105024B7B39700504310 /* TagDataSource.swift */ = {isa = PBXFileReference; lastKnownFileType = sourcecode.swift; path = TagDataSource.swift; sourceTree = "<group>"; };
		C8F2E61824B3FB080077A64D /* Photorama.app */ = {isa = PBXFileReference; explicitFileType = wrapper.application; includeInIndex = 0; path = Photorama.app; sourceTree = BUILT_PRODUCTS_DIR; };
		C8F2E61B24B3FB080077A64D /* AppDelegate.swift */ = {isa = PBXFileReference; lastKnownFileType = sourcecode.swift; path = AppDelegate.swift; sourceTree = "<group>"; };
		C8F2E61D24B3FB080077A64D /* SceneDelegate.swift */ = {isa = PBXFileReference; lastKnownFileType = sourcecode.swift; path = SceneDelegate.swift; sourceTree = "<group>"; };
		C8F2E61F24B3FB080077A64D /* PhotosViewController.swift */ = {isa = PBXFileReference; lastKnownFileType = sourcecode.swift; path = PhotosViewController.swift; sourceTree = "<group>"; };
		C8F2E62224B3FB080077A64D /* Base */ = {isa = PBXFileReference; lastKnownFileType = file.storyboard; name = Base; path = Base.lproj/Main.storyboard; sourceTree = "<group>"; };
		C8F2E62424B3FB0A0077A64D /* Assets.xcassets */ = {isa = PBXFileReference; lastKnownFileType = folder.assetcatalog; path = Assets.xcassets; sourceTree = "<group>"; };
		C8F2E62724B3FB0A0077A64D /* Base */ = {isa = PBXFileReference; lastKnownFileType = file.storyboard; name = Base; path = Base.lproj/LaunchScreen.storyboard; sourceTree = "<group>"; };
		C8F2E62924B3FB0A0077A64D /* Info.plist */ = {isa = PBXFileReference; lastKnownFileType = text.plist.xml; path = Info.plist; sourceTree = "<group>"; };
		C8F2E62E24B3FB0A0077A64D /* PhotoramaTests.xctest */ = {isa = PBXFileReference; explicitFileType = wrapper.cfbundle; includeInIndex = 0; path = PhotoramaTests.xctest; sourceTree = BUILT_PRODUCTS_DIR; };
		C8F2E63224B3FB0A0077A64D /* PhotoramaTests.swift */ = {isa = PBXFileReference; lastKnownFileType = sourcecode.swift; path = PhotoramaTests.swift; sourceTree = "<group>"; };
		C8F2E63424B3FB0A0077A64D /* Info.plist */ = {isa = PBXFileReference; lastKnownFileType = text.plist.xml; path = Info.plist; sourceTree = "<group>"; };
		C8F2E63924B3FB0A0077A64D /* PhotoramaUITests.xctest */ = {isa = PBXFileReference; explicitFileType = wrapper.cfbundle; includeInIndex = 0; path = PhotoramaUITests.xctest; sourceTree = BUILT_PRODUCTS_DIR; };
		C8F2E63D24B3FB0A0077A64D /* PhotoramaUITests.swift */ = {isa = PBXFileReference; lastKnownFileType = sourcecode.swift; path = PhotoramaUITests.swift; sourceTree = "<group>"; };
		C8F2E63F24B3FB0A0077A64D /* Info.plist */ = {isa = PBXFileReference; lastKnownFileType = text.plist.xml; path = Info.plist; sourceTree = "<group>"; };
/* End PBXFileReference section */

/* Begin PBXFrameworksBuildPhase section */
		C8F2E61524B3FB080077A64D /* Frameworks */ = {
			isa = PBXFrameworksBuildPhase;
			buildActionMask = 2147483647;
			files = (
			);
			runOnlyForDeploymentPostprocessing = 0;
		};
		C8F2E62B24B3FB0A0077A64D /* Frameworks */ = {
			isa = PBXFrameworksBuildPhase;
			buildActionMask = 2147483647;
			files = (
			);
			runOnlyForDeploymentPostprocessing = 0;
		};
		C8F2E63624B3FB0A0077A64D /* Frameworks */ = {
			isa = PBXFrameworksBuildPhase;
			buildActionMask = 2147483647;
			files = (
			);
			runOnlyForDeploymentPostprocessing = 0;
		};
/* End PBXFrameworksBuildPhase section */

/* Begin PBXGroup section */
		C8F2E60F24B3FB080077A64D = {
			isa = PBXGroup;
			children = (
				C8F2E61A24B3FB080077A64D /* Photorama */,
				C8F2E63124B3FB0A0077A64D /* PhotoramaTests */,
				C8F2E63C24B3FB0A0077A64D /* PhotoramaUITests */,
				C8F2E61924B3FB080077A64D /* Products */,
			);
			sourceTree = "<group>";
		};
		C8F2E61924B3FB080077A64D /* Products */ = {
			isa = PBXGroup;
			children = (
				C8F2E61824B3FB080077A64D /* Photorama.app */,
				C8F2E62E24B3FB0A0077A64D /* PhotoramaTests.xctest */,
				C8F2E63924B3FB0A0077A64D /* PhotoramaUITests.xctest */,
			);
			name = Products;
			sourceTree = "<group>";
		};
		C8F2E61A24B3FB080077A64D /* Photorama */ = {
			isa = PBXGroup;
			children = (
				C8CA104C24B7AE4A00504310 /* Photo+CoreDataProperties.swift */,
				C884C9F224B66C1800EFE255 /* Photo+CoreDataClass.swift */,
				C8F2E61B24B3FB080077A64D /* AppDelegate.swift */,
				C8F2E61D24B3FB080077A64D /* SceneDelegate.swift */,
				C888790924B4CE670072D8ED /* FlickerAPI.swift */,
				C888790D24B505E00072D8ED /* FlickrPhoto.swift */,
				C884C9EF24B6663200EFE255 /* Photorama.xcdatamodeld */,
				C878D13724B64A2A006F85CA /* PhotoInfoViewController.swift */,
				C8CA104E24B7B31C00504310 /* TagsViewController.swift */,
				C8CA105024B7B39700504310 /* TagDataSource.swift */,
				C8F2E61F24B3FB080077A64D /* PhotosViewController.swift */,
				C888790B24B4F6090072D8ED /* PhotoStore.swift */,
				C8F2E62124B3FB080077A64D /* Main.storyboard */,
				C878D13524B64694006F85CA /* ImageStore.swift */,
				C878D13124B62853006F85CA /* PhotoCollectionViewCell.swift */,
				C888790F24B56AAF0072D8ED /* PhotoDataSource.swift */,
				C8F2E62424B3FB0A0077A64D /* Assets.xcassets */,
				C8F2E62624B3FB0A0077A64D /* LaunchScreen.storyboard */,
				C8F2E62924B3FB0A0077A64D /* Info.plist */,
			);
			path = Photorama;
			sourceTree = "<group>";
		};
		C8F2E63124B3FB0A0077A64D /* PhotoramaTests */ = {
			isa = PBXGroup;
			children = (
				C8F2E63224B3FB0A0077A64D /* PhotoramaTests.swift */,
				C8F2E63424B3FB0A0077A64D /* Info.plist */,
			);
			path = PhotoramaTests;
			sourceTree = "<group>";
		};
		C8F2E63C24B3FB0A0077A64D /* PhotoramaUITests */ = {
			isa = PBXGroup;
			children = (
				C8F2E63D24B3FB0A0077A64D /* PhotoramaUITests.swift */,
				C8F2E63F24B3FB0A0077A64D /* Info.plist */,
			);
			path = PhotoramaUITests;
			sourceTree = "<group>";
		};
/* End PBXGroup section */

/* Begin PBXNativeTarget section */
		C8F2E61724B3FB080077A64D /* Photorama */ = {
			isa = PBXNativeTarget;
			buildConfigurationList = C8F2E64224B3FB0A0077A64D /* Build configuration list for PBXNativeTarget "Photorama" */;
			buildPhases = (
				C8F2E61424B3FB080077A64D /* Sources */,
				C8F2E61524B3FB080077A64D /* Frameworks */,
				C8F2E61624B3FB080077A64D /* Resources */,
			);
			buildRules = (
			);
			dependencies = (
			);
			name = Photorama;
			productName = Photorama;
			productReference = C8F2E61824B3FB080077A64D /* Photorama.app */;
			productType = "com.apple.product-type.application";
		};
		C8F2E62D24B3FB0A0077A64D /* PhotoramaTests */ = {
			isa = PBXNativeTarget;
			buildConfigurationList = C8F2E64524B3FB0A0077A64D /* Build configuration list for PBXNativeTarget "PhotoramaTests" */;
			buildPhases = (
				C8F2E62A24B3FB0A0077A64D /* Sources */,
				C8F2E62B24B3FB0A0077A64D /* Frameworks */,
				C8F2E62C24B3FB0A0077A64D /* Resources */,
			);
			buildRules = (
			);
			dependencies = (
				C8F2E63024B3FB0A0077A64D /* PBXTargetDependency */,
			);
			name = PhotoramaTests;
			productName = PhotoramaTests;
			productReference = C8F2E62E24B3FB0A0077A64D /* PhotoramaTests.xctest */;
			productType = "com.apple.product-type.bundle.unit-test";
		};
		C8F2E63824B3FB0A0077A64D /* PhotoramaUITests */ = {
			isa = PBXNativeTarget;
			buildConfigurationList = C8F2E64824B3FB0A0077A64D /* Build configuration list for PBXNativeTarget "PhotoramaUITests" */;
			buildPhases = (
				C8F2E63524B3FB0A0077A64D /* Sources */,
				C8F2E63624B3FB0A0077A64D /* Frameworks */,
				C8F2E63724B3FB0A0077A64D /* Resources */,
			);
			buildRules = (
			);
			dependencies = (
				C8F2E63B24B3FB0A0077A64D /* PBXTargetDependency */,
			);
			name = PhotoramaUITests;
			productName = PhotoramaUITests;
			productReference = C8F2E63924B3FB0A0077A64D /* PhotoramaUITests.xctest */;
			productType = "com.apple.product-type.bundle.ui-testing";
		};
/* End PBXNativeTarget section */

/* Begin PBXProject section */
		C8F2E61024B3FB080077A64D /* Project object */ = {
			isa = PBXProject;
			attributes = {
				LastSwiftUpdateCheck = 1150;
				LastUpgradeCheck = 1150;
				ORGANIZATIONNAME = "Juan Manuel Tome";
				TargetAttributes = {
					C8F2E61724B3FB080077A64D = {
						CreatedOnToolsVersion = 11.5;
					};
					C8F2E62D24B3FB0A0077A64D = {
						CreatedOnToolsVersion = 11.5;
						TestTargetID = C8F2E61724B3FB080077A64D;
					};
					C8F2E63824B3FB0A0077A64D = {
						CreatedOnToolsVersion = 11.5;
						TestTargetID = C8F2E61724B3FB080077A64D;
					};
				};
			};
			buildConfigurationList = C8F2E61324B3FB080077A64D /* Build configuration list for PBXProject "Photorama" */;
			compatibilityVersion = "Xcode 9.3";
			developmentRegion = en;
			hasScannedForEncodings = 0;
			knownRegions = (
				en,
				Base,
			);
			mainGroup = C8F2E60F24B3FB080077A64D;
			productRefGroup = C8F2E61924B3FB080077A64D /* Products */;
			projectDirPath = "";
			projectRoot = "";
			targets = (
				C8F2E61724B3FB080077A64D /* Photorama */,
				C8F2E62D24B3FB0A0077A64D /* PhotoramaTests */,
				C8F2E63824B3FB0A0077A64D /* PhotoramaUITests */,
			);
		};
/* End PBXProject section */

/* Begin PBXResourcesBuildPhase section */
		C8F2E61624B3FB080077A64D /* Resources */ = {
			isa = PBXResourcesBuildPhase;
			buildActionMask = 2147483647;
			files = (
				C8F2E62824B3FB0A0077A64D /* LaunchScreen.storyboard in Resources */,
				C8F2E62524B3FB0A0077A64D /* Assets.xcassets in Resources */,
				C8F2E62324B3FB080077A64D /* Main.storyboard in Resources */,
			);
			runOnlyForDeploymentPostprocessing = 0;
		};
		C8F2E62C24B3FB0A0077A64D /* Resources */ = {
			isa = PBXResourcesBuildPhase;
			buildActionMask = 2147483647;
			files = (
			);
			runOnlyForDeploymentPostprocessing = 0;
		};
		C8F2E63724B3FB0A0077A64D /* Resources */ = {
			isa = PBXResourcesBuildPhase;
			buildActionMask = 2147483647;
			files = (
			);
			runOnlyForDeploymentPostprocessing = 0;
		};
/* End PBXResourcesBuildPhase section */

/* Begin PBXSourcesBuildPhase section */
		C8F2E61424B3FB080077A64D /* Sources */ = {
			isa = PBXSourcesBuildPhase;
			buildActionMask = 2147483647;
			files = (
				C888790E24B505E00072D8ED /* FlickrPhoto.swift in Sources */,
				C8CA105124B7B39700504310 /* TagDataSource.swift in Sources */,
				C8CA104D24B7AE4A00504310 /* Photo+CoreDataProperties.swift in Sources */,
				C878D13824B64A2A006F85CA /* PhotoInfoViewController.swift in Sources */,
				C878D13224B62853006F85CA /* PhotoCollectionViewCell.swift in Sources */,
				C888791024B56AAF0072D8ED /* PhotoDataSource.swift in Sources */,
				C888790C24B4F6090072D8ED /* PhotoStore.swift in Sources */,
				C8F2E62024B3FB080077A64D /* PhotosViewController.swift in Sources */,
				C884C9F424B66C1800EFE255 /* Photo+CoreDataClass.swift in Sources */,
				C878D13624B64694006F85CA /* ImageStore.swift in Sources */,
				C884C9F124B6663200EFE255 /* Photorama.xcdatamodeld in Sources */,
				C888790A24B4CE670072D8ED /* FlickerAPI.swift in Sources */,
				C8CA104F24B7B31C00504310 /* TagsViewController.swift in Sources */,
				C8F2E61C24B3FB080077A64D /* AppDelegate.swift in Sources */,
				C8F2E61E24B3FB080077A64D /* SceneDelegate.swift in Sources */,
			);
			runOnlyForDeploymentPostprocessing = 0;
		};
		C8F2E62A24B3FB0A0077A64D /* Sources */ = {
			isa = PBXSourcesBuildPhase;
			buildActionMask = 2147483647;
			files = (
				C8F2E63324B3FB0A0077A64D /* PhotoramaTests.swift in Sources */,
			);
			runOnlyForDeploymentPostprocessing = 0;
		};
		C8F2E63524B3FB0A0077A64D /* Sources */ = {
			isa = PBXSourcesBuildPhase;
			buildActionMask = 2147483647;
			files = (
				C8F2E63E24B3FB0A0077A64D /* PhotoramaUITests.swift in Sources */,
			);
			runOnlyForDeploymentPostprocessing = 0;
		};
/* End PBXSourcesBuildPhase section */

/* Begin PBXTargetDependency section */
		C8F2E63024B3FB0A0077A64D /* PBXTargetDependency */ = {
			isa = PBXTargetDependency;
			target = C8F2E61724B3FB080077A64D /* Photorama */;
			targetProxy = C8F2E62F24B3FB0A0077A64D /* PBXContainerItemProxy */;
		};
		C8F2E63B24B3FB0A0077A64D /* PBXTargetDependency */ = {
			isa = PBXTargetDependency;
			target = C8F2E61724B3FB080077A64D /* Photorama */;
			targetProxy = C8F2E63A24B3FB0A0077A64D /* PBXContainerItemProxy */;
		};
/* End PBXTargetDependency section */

/* Begin PBXVariantGroup section */
		C8F2E62124B3FB080077A64D /* Main.storyboard */ = {
			isa = PBXVariantGroup;
			children = (
				C8F2E62224B3FB080077A64D /* Base */,
			);
			name = Main.storyboard;
			sourceTree = "<group>";
		};
		C8F2E62624B3FB0A0077A64D /* LaunchScreen.storyboard */ = {
			isa = PBXVariantGroup;
			children = (
				C8F2E62724B3FB0A0077A64D /* Base */,
			);
			name = LaunchScreen.storyboard;
			sourceTree = "<group>";
		};
/* End PBXVariantGroup section */

/* Begin XCBuildConfiguration section */
		C8F2E64024B3FB0A0077A64D /* Debug */ = {
			isa = XCBuildConfiguration;
			buildSettings = {
				ALWAYS_SEARCH_USER_PATHS = NO;
				CLANG_ANALYZER_NONNULL = YES;
				CLANG_ANALYZER_NUMBER_OBJECT_CONVERSION = YES_AGGRESSIVE;
				CLANG_CXX_LANGUAGE_STANDARD = "gnu++14";
				CLANG_CXX_LIBRARY = "libc++";
				CLANG_ENABLE_MODULES = YES;
				CLANG_ENABLE_OBJC_ARC = YES;
				CLANG_ENABLE_OBJC_WEAK = YES;
				CLANG_WARN_BLOCK_CAPTURE_AUTORELEASING = YES;
				CLANG_WARN_BOOL_CONVERSION = YES;
				CLANG_WARN_COMMA = YES;
				CLANG_WARN_CONSTANT_CONVERSION = YES;
				CLANG_WARN_DEPRECATED_OBJC_IMPLEMENTATIONS = YES;
				CLANG_WARN_DIRECT_OBJC_ISA_USAGE = YES_ERROR;
				CLANG_WARN_DOCUMENTATION_COMMENTS = YES;
				CLANG_WARN_EMPTY_BODY = YES;
				CLANG_WARN_ENUM_CONVERSION = YES;
				CLANG_WARN_INFINITE_RECURSION = YES;
				CLANG_WARN_INT_CONVERSION = YES;
				CLANG_WARN_NON_LITERAL_NULL_CONVERSION = YES;
				CLANG_WARN_OBJC_IMPLICIT_RETAIN_SELF = YES;
				CLANG_WARN_OBJC_LITERAL_CONVERSION = YES;
				CLANG_WARN_OBJC_ROOT_CLASS = YES_ERROR;
				CLANG_WARN_RANGE_LOOP_ANALYSIS = YES;
				CLANG_WARN_STRICT_PROTOTYPES = YES;
				CLANG_WARN_SUSPICIOUS_MOVE = YES;
				CLANG_WARN_UNGUARDED_AVAILABILITY = YES_AGGRESSIVE;
				CLANG_WARN_UNREACHABLE_CODE = YES;
				CLANG_WARN__DUPLICATE_METHOD_MATCH = YES;
				COPY_PHASE_STRIP = NO;
				DEBUG_INFORMATION_FORMAT = dwarf;
				ENABLE_STRICT_OBJC_MSGSEND = YES;
				ENABLE_TESTABILITY = YES;
				GCC_C_LANGUAGE_STANDARD = gnu11;
				GCC_DYNAMIC_NO_PIC = NO;
				GCC_NO_COMMON_BLOCKS = YES;
				GCC_OPTIMIZATION_LEVEL = 0;
				GCC_PREPROCESSOR_DEFINITIONS = (
					"DEBUG=1",
					"$(inherited)",
				);
				GCC_WARN_64_TO_32_BIT_CONVERSION = YES;
				GCC_WARN_ABOUT_RETURN_TYPE = YES_ERROR;
				GCC_WARN_UNDECLARED_SELECTOR = YES;
				GCC_WARN_UNINITIALIZED_AUTOS = YES_AGGRESSIVE;
				GCC_WARN_UNUSED_FUNCTION = YES;
				GCC_WARN_UNUSED_VARIABLE = YES;
				IPHONEOS_DEPLOYMENT_TARGET = 13.5;
				MTL_ENABLE_DEBUG_INFO = INCLUDE_SOURCE;
				MTL_FAST_MATH = YES;
				ONLY_ACTIVE_ARCH = YES;
				SDKROOT = iphoneos;
				SWIFT_ACTIVE_COMPILATION_CONDITIONS = DEBUG;
				SWIFT_OPTIMIZATION_LEVEL = "-Onone";
			};
			name = Debug;
		};
		C8F2E64124B3FB0A0077A64D /* Release */ = {
			isa = XCBuildConfiguration;
			buildSettings = {
				ALWAYS_SEARCH_USER_PATHS = NO;
				CLANG_ANALYZER_NONNULL = YES;
				CLANG_ANALYZER_NUMBER_OBJECT_CONVERSION = YES_AGGRESSIVE;
				CLANG_CXX_LANGUAGE_STANDARD = "gnu++14";
				CLANG_CXX_LIBRARY = "libc++";
				CLANG_ENABLE_MODULES = YES;
				CLANG_ENABLE_OBJC_ARC = YES;
				CLANG_ENABLE_OBJC_WEAK = YES;
				CLANG_WARN_BLOCK_CAPTURE_AUTORELEASING = YES;
				CLANG_WARN_BOOL_CONVERSION = YES;
				CLANG_WARN_COMMA = YES;
				CLANG_WARN_CONSTANT_CONVERSION = YES;
				CLANG_WARN_DEPRECATED_OBJC_IMPLEMENTATIONS = YES;
				CLANG_WARN_DIRECT_OBJC_ISA_USAGE = YES_ERROR;
				CLANG_WARN_DOCUMENTATION_COMMENTS = YES;
				CLANG_WARN_EMPTY_BODY = YES;
				CLANG_WARN_ENUM_CONVERSION = YES;
				CLANG_WARN_INFINITE_RECURSION = YES;
				CLANG_WARN_INT_CONVERSION = YES;
				CLANG_WARN_NON_LITERAL_NULL_CONVERSION = YES;
				CLANG_WARN_OBJC_IMPLICIT_RETAIN_SELF = YES;
				CLANG_WARN_OBJC_LITERAL_CONVERSION = YES;
				CLANG_WARN_OBJC_ROOT_CLASS = YES_ERROR;
				CLANG_WARN_RANGE_LOOP_ANALYSIS = YES;
				CLANG_WARN_STRICT_PROTOTYPES = YES;
				CLANG_WARN_SUSPICIOUS_MOVE = YES;
				CLANG_WARN_UNGUARDED_AVAILABILITY = YES_AGGRESSIVE;
				CLANG_WARN_UNREACHABLE_CODE = YES;
				CLANG_WARN__DUPLICATE_METHOD_MATCH = YES;
				COPY_PHASE_STRIP = NO;
				DEBUG_INFORMATION_FORMAT = "dwarf-with-dsym";
				ENABLE_NS_ASSERTIONS = NO;
				ENABLE_STRICT_OBJC_MSGSEND = YES;
				GCC_C_LANGUAGE_STANDARD = gnu11;
				GCC_NO_COMMON_BLOCKS = YES;
				GCC_WARN_64_TO_32_BIT_CONVERSION = YES;
				GCC_WARN_ABOUT_RETURN_TYPE = YES_ERROR;
				GCC_WARN_UNDECLARED_SELECTOR = YES;
				GCC_WARN_UNINITIALIZED_AUTOS = YES_AGGRESSIVE;
				GCC_WARN_UNUSED_FUNCTION = YES;
				GCC_WARN_UNUSED_VARIABLE = YES;
				IPHONEOS_DEPLOYMENT_TARGET = 13.5;
				MTL_ENABLE_DEBUG_INFO = NO;
				MTL_FAST_MATH = YES;
				SDKROOT = iphoneos;
				SWIFT_COMPILATION_MODE = wholemodule;
				SWIFT_OPTIMIZATION_LEVEL = "-O";
				VALIDATE_PRODUCT = YES;
			};
			name = Release;
		};
		C8F2E64324B3FB0A0077A64D /* Debug */ = {
			isa = XCBuildConfiguration;
			buildSettings = {
				ASSETCATALOG_COMPILER_APPICON_NAME = AppIcon;
				CODE_SIGN_STYLE = Automatic;
				DEVELOPMENT_TEAM = YBSZVA7CYQ;
				INFOPLIST_FILE = Photorama/Info.plist;
				LD_RUNPATH_SEARCH_PATHS = (
					"$(inherited)",
					"@executable_path/Frameworks",
				);
				PRODUCT_BUNDLE_IDENTIFIER = com.jmt.Photorama;
				PRODUCT_NAME = "$(TARGET_NAME)";
				SWIFT_VERSION = 5.0;
				TARGETED_DEVICE_FAMILY = "1,2";
			};
			name = Debug;
		};
		C8F2E64424B3FB0A0077A64D /* Release */ = {
			isa = XCBuildConfiguration;
			buildSettings = {
				ASSETCATALOG_COMPILER_APPICON_NAME = AppIcon;
				CODE_SIGN_STYLE = Automatic;
				DEVELOPMENT_TEAM = YBSZVA7CYQ;
				INFOPLIST_FILE = Photorama/Info.plist;
				LD_RUNPATH_SEARCH_PATHS = (
					"$(inherited)",
					"@executable_path/Frameworks",
				);
				PRODUCT_BUNDLE_IDENTIFIER = com.jmt.Photorama;
				PRODUCT_NAME = "$(TARGET_NAME)";
				SWIFT_VERSION = 5.0;
				TARGETED_DEVICE_FAMILY = "1,2";
			};
			name = Release;
		};
		C8F2E64624B3FB0A0077A64D /* Debug */ = {
			isa = XCBuildConfiguration;
			buildSettings = {
				ALWAYS_EMBED_SWIFT_STANDARD_LIBRARIES = YES;
				BUNDLE_LOADER = "$(TEST_HOST)";
				CODE_SIGN_STYLE = Automatic;
				INFOPLIST_FILE = PhotoramaTests/Info.plist;
				IPHONEOS_DEPLOYMENT_TARGET = 13.5;
				LD_RUNPATH_SEARCH_PATHS = (
					"$(inherited)",
					"@executable_path/Frameworks",
					"@loader_path/Frameworks",
				);
				PRODUCT_BUNDLE_IDENTIFIER = com.jmt.PhotoramaTests;
				PRODUCT_NAME = "$(TARGET_NAME)";
				SWIFT_VERSION = 5.0;
				TARGETED_DEVICE_FAMILY = "1,2";
				TEST_HOST = "$(BUILT_PRODUCTS_DIR)/Photorama.app/Photorama";
			};
			name = Debug;
		};
		C8F2E64724B3FB0A0077A64D /* Release */ = {
			isa = XCBuildConfiguration;
			buildSettings = {
				ALWAYS_EMBED_SWIFT_STANDARD_LIBRARIES = YES;
				BUNDLE_LOADER = "$(TEST_HOST)";
				CODE_SIGN_STYLE = Automatic;
				INFOPLIST_FILE = PhotoramaTests/Info.plist;
				IPHONEOS_DEPLOYMENT_TARGET = 13.5;
				LD_RUNPATH_SEARCH_PATHS = (
					"$(inherited)",
					"@executable_path/Frameworks",
					"@loader_path/Frameworks",
				);
				PRODUCT_BUNDLE_IDENTIFIER = com.jmt.PhotoramaTests;
				PRODUCT_NAME = "$(TARGET_NAME)";
				SWIFT_VERSION = 5.0;
				TARGETED_DEVICE_FAMILY = "1,2";
				TEST_HOST = "$(BUILT_PRODUCTS_DIR)/Photorama.app/Photorama";
			};
			name = Release;
		};
		C8F2E64924B3FB0A0077A64D /* Debug */ = {
			isa = XCBuildConfiguration;
			buildSettings = {
				ALWAYS_EMBED_SWIFT_STANDARD_LIBRARIES = YES;
				CODE_SIGN_STYLE = Automatic;
				INFOPLIST_FILE = PhotoramaUITests/Info.plist;
				LD_RUNPATH_SEARCH_PATHS = (
					"$(inherited)",
					"@executable_path/Frameworks",
					"@loader_path/Frameworks",
				);
				PRODUCT_BUNDLE_IDENTIFIER = com.jmt.PhotoramaUITests;
				PRODUCT_NAME = "$(TARGET_NAME)";
				SWIFT_VERSION = 5.0;
				TARGETED_DEVICE_FAMILY = "1,2";
				TEST_TARGET_NAME = Photorama;
			};
			name = Debug;
		};
		C8F2E64A24B3FB0A0077A64D /* Release */ = {
			isa = XCBuildConfiguration;
			buildSettings = {
				ALWAYS_EMBED_SWIFT_STANDARD_LIBRARIES = YES;
				CODE_SIGN_STYLE = Automatic;
				INFOPLIST_FILE = PhotoramaUITests/Info.plist;
				LD_RUNPATH_SEARCH_PATHS = (
					"$(inherited)",
					"@executable_path/Frameworks",
					"@loader_path/Frameworks",
				);
				PRODUCT_BUNDLE_IDENTIFIER = com.jmt.PhotoramaUITests;
				PRODUCT_NAME = "$(TARGET_NAME)";
				SWIFT_VERSION = 5.0;
				TARGETED_DEVICE_FAMILY = "1,2";
				TEST_TARGET_NAME = Photorama;
			};
			name = Release;
		};
/* End XCBuildConfiguration section */

/* Begin XCConfigurationList section */
		C8F2E61324B3FB080077A64D /* Build configuration list for PBXProject "Photorama" */ = {
			isa = XCConfigurationList;
			buildConfigurations = (
				C8F2E64024B3FB0A0077A64D /* Debug */,
				C8F2E64124B3FB0A0077A64D /* Release */,
			);
			defaultConfigurationIsVisible = 0;
			defaultConfigurationName = Release;
		};
		C8F2E64224B3FB0A0077A64D /* Build configuration list for PBXNativeTarget "Photorama" */ = {
			isa = XCConfigurationList;
			buildConfigurations = (
				C8F2E64324B3FB0A0077A64D /* Debug */,
				C8F2E64424B3FB0A0077A64D /* Release */,
			);
			defaultConfigurationIsVisible = 0;
			defaultConfigurationName = Release;
		};
		C8F2E64524B3FB0A0077A64D /* Build configuration list for PBXNativeTarget "PhotoramaTests" */ = {
			isa = XCConfigurationList;
			buildConfigurations = (
				C8F2E64624B3FB0A0077A64D /* Debug */,
				C8F2E64724B3FB0A0077A64D /* Release */,
			);
			defaultConfigurationIsVisible = 0;
			defaultConfigurationName = Release;
		};
		C8F2E64824B3FB0A0077A64D /* Build configuration list for PBXNativeTarget "PhotoramaUITests" */ = {
			isa = XCConfigurationList;
			buildConfigurations = (
				C8F2E64924B3FB0A0077A64D /* Debug */,
				C8F2E64A24B3FB0A0077A64D /* Release */,
			);
			defaultConfigurationIsVisible = 0;
			defaultConfigurationName = Release;
		};
/* End XCConfigurationList section */

/* Begin XCVersionGroup section */
		C884C9EF24B6663200EFE255 /* Photorama.xcdatamodeld */ = {
			isa = XCVersionGroup;
			children = (
				C884C9F024B6663200EFE255 /* Photorama.xcdatamodel */,
			);
			currentVersion = C884C9F024B6663200EFE255 /* Photorama.xcdatamodel */;
			path = Photorama.xcdatamodeld;
			sourceTree = "<group>";
			versionGroupType = wrapper.xcdatamodel;
		};
/* End XCVersionGroup section */
	};
	rootObject = C8F2E61024B3FB080077A64D /* Project object */;
}
